
Microsoft Visual Studio Solution File, Format Version 12.00
# Visual Studio Version 17
VisualStudioVersion = 17.14.36408.4 d17.14
MinimumVisualStudioVersion = 10.0.40219.1
Project("{FAE04EC0-301F-11D3-BF4B-00C04F79EFBC}") = "demochatlieu", "demochatlieu\demochatlieu.csproj", "{9F617634-80EE-4C04-85DA-0B5ED2F6D84C}"
EndProject
Global
	GlobalSection(SolutionConfigurationPlatforms) = preSolution
		Debug|Any CPU = Debug|Any CPU
		Release|Any CPU = Release|Any CPU
	EndGlobalSection
	GlobalSection(ProjectConfigurationPlatforms) = postSolution
		{9F617634-80EE-4C04-85DA-0B5ED2F6D84C}.Debug|Any CPU.ActiveCfg = Debug|Any CPU
		{9F617634-80EE-4C04-85DA-0B5ED2F6D84C}.Debug|Any CPU.Build.0 = Debug|Any CPU
		{9F617634-80EE-4C04-85DA-0B5ED2F6D84C}.Release|Any CPU.ActiveCfg = Release|Any CPU
		{9F617634-80EE-4C04-85DA-0B5ED2F6D84C}.Release|Any CPU.Build.0 = Release|Any CPU
	EndGlobalSection
	GlobalSection(SolutionProperties) = preSolution
		HideSolutionNode = FALSE
	EndGlobalSection
	GlobalSection(ExtensibilityGlobals) = postSolution
		SolutionGuid = {3E2C69CE-7C82-404A-9E6B-467CA8D72D8A}
	EndGlobalSection
EndGlobal
