
Microsoft Visual Studio Solution File, Format Version 12.00
# Visual Studio Version 17
VisualStudioVersion = 17.14.36414.22 d17.14
MinimumVisualStudioVersion = 10.0.40219.1
Project("{FAE04EC0-301F-11D3-BF4B-00C04F79EFBC}") = "De2", "De2.csproj", "{F361F64F-7121-4D99-89C6-3747F13D8CA3}"
EndProject
Global
	GlobalSection(SolutionConfigurationPlatforms) = preSolution
		Debug|Any CPU = Debug|Any CPU
		Release|Any CPU = Release|Any CPU
	EndGlobalSection
	GlobalSection(ProjectConfigurationPlatforms) = postSolution
		{F361F64F-7121-4D99-89C6-3747F13D8CA3}.Debug|Any CPU.ActiveCfg = Debug|Any CPU
		{F361F64F-7121-4D99-89C6-3747F13D8CA3}.Debug|Any CPU.Build.0 = Debug|Any CPU
		{F361F64F-7121-4D99-89C6-3747F13D8CA3}.Release|Any CPU.ActiveCfg = Release|Any CPU
		{F361F64F-7121-4D99-89C6-3747F13D8CA3}.Release|Any CPU.Build.0 = Release|Any CPU
	EndGlobalSection
	GlobalSection(SolutionProperties) = preSolution
		HideSolutionNode = FALSE
	EndGlobalSection
	GlobalSection(ExtensibilityGlobals) = postSolution
		SolutionGuid = {A7AEDDF5-C7BA-45FA-B902-0B9BB93390F2}
	EndGlobalSection
EndGlobal
