
Microsoft Visual Studio Solution File, Format Version 12.00
# Visual Studio Version 17
VisualStudioVersion = 17.14.36408.4 d17.14
MinimumVisualStudioVersion = 10.0.40219.1
Project("{FAE04EC0-301F-11D3-BF4B-00C04F79EFBC}") = "de02", "de02\de02.csproj", "{D0609BE4-29FB-465B-8267-C2063391CA67}"
EndProject
Global
	GlobalSection(SolutionConfigurationPlatforms) = preSolution
		Debug|Any CPU = Debug|Any CPU
		Release|Any CPU = Release|Any CPU
	EndGlobalSection
	GlobalSection(ProjectConfigurationPlatforms) = postSolution
		{D0609BE4-29FB-465B-8267-C2063391CA67}.Debug|Any CPU.ActiveCfg = Debug|Any CPU
		{D0609BE4-29FB-465B-8267-C2063391CA67}.Debug|Any CPU.Build.0 = Debug|Any CPU
		{D0609BE4-29FB-465B-8267-C2063391CA67}.Release|Any CPU.ActiveCfg = Release|Any CPU
		{D0609BE4-29FB-465B-8267-C2063391CA67}.Release|Any CPU.Build.0 = Release|Any CPU
	EndGlobalSection
	GlobalSection(SolutionProperties) = preSolution
		HideSolutionNode = FALSE
	EndGlobalSection
	GlobalSection(ExtensibilityGlobals) = postSolution
		SolutionGuid = {AB27279B-6F11-4207-9A4E-284A64B56CD6}
	EndGlobalSection
EndGlobal
