
Microsoft Visual Studio Solution File, Format Version 12.00
# Visual Studio Version 17
VisualStudioVersion = 17.14.36408.4 d17.14
MinimumVisualStudioVersion = 10.0.40219.1
Project("{FAE04EC0-301F-11D3-BF4B-00C04F79EFBC}") = "Dialogs", "Dialogs\Dialogs.csproj", "{DB009C21-1BA0-4DB3-97EC-C29B4B98CD32}"
EndProject
Global
	GlobalSection(SolutionConfigurationPlatforms) = preSolution
		Debug|Any CPU = Debug|Any CPU
		Release|Any CPU = Release|Any CPU
	EndGlobalSection
	GlobalSection(ProjectConfigurationPlatforms) = postSolution
		{DB009C21-1BA0-4DB3-97EC-C29B4B98CD32}.Debug|Any CPU.ActiveCfg = Debug|Any CPU
		{DB009C21-1BA0-4DB3-97EC-C29B4B98CD32}.Debug|Any CPU.Build.0 = Debug|Any CPU
		{DB009C21-1BA0-4DB3-97EC-C29B4B98CD32}.Release|Any CPU.ActiveCfg = Release|Any CPU
		{DB009C21-1BA0-4DB3-97EC-C29B4B98CD32}.Release|Any CPU.Build.0 = Release|Any CPU
	EndGlobalSection
	GlobalSection(SolutionProperties) = preSolution
		HideSolutionNode = FALSE
	EndGlobalSection
	GlobalSection(ExtensibilityGlobals) = postSolution
		SolutionGuid = {92BCF383-FE55-43E7-8C7F-A7F15158262C}
	EndGlobalSection
EndGlobal
