
Microsoft Visual Studio Solution File, Format Version 12.00
# Visual Studio Version 17
VisualStudioVersion = 17.14.36408.4 d17.14
MinimumVisualStudioVersion = 10.0.40219.1
Project("{FAE04EC0-301F-11D3-BF4B-00C04F79EFBC}") = "VidduListView", "VidduListView\VidduListView.csproj", "{138145A4-0E99-492B-A568-667B73005C10}"
EndProject
Global
	GlobalSection(SolutionConfigurationPlatforms) = preSolution
		Debug|Any CPU = Debug|Any CPU
		Release|Any CPU = Release|Any CPU
	EndGlobalSection
	GlobalSection(ProjectConfigurationPlatforms) = postSolution
		{138145A4-0E99-492B-A568-667B73005C10}.Debug|Any CPU.ActiveCfg = Debug|Any CPU
		{138145A4-0E99-492B-A568-667B73005C10}.Debug|Any CPU.Build.0 = Debug|Any CPU
		{138145A4-0E99-492B-A568-667B73005C10}.Release|Any CPU.ActiveCfg = Release|Any CPU
		{138145A4-0E99-492B-A568-667B73005C10}.Release|Any CPU.Build.0 = Release|Any CPU
	EndGlobalSection
	GlobalSection(SolutionProperties) = preSolution
		HideSolutionNode = FALSE
	EndGlobalSection
	GlobalSection(ExtensibilityGlobals) = postSolution
		SolutionGuid = {997A2995-5CC9-4E6C-801B-A0E7F1AA0454}
	EndGlobalSection
EndGlobal
